
Microsoft Visual Studio Solution File, Format Version 12.00
# Visual Studio Version 16
VisualStudioVersion = 16.0.31321.278
MinimumVisualStudioVersion = 10.0.40219.1
Project("{FAE04EC0-301F-11D3-BF4B-00C04F79EFBC}") = "sigfox_laadpaal", "sigfox_laadpaal\sigfox_laadpaal.csproj", "{A71DBF16-8098-458B-A47C-865CD2507AC5}"
EndProject
Global
	GlobalSection(SolutionConfigurationPlatforms) = preSolution
		Debug|Any CPU = Debug|Any CPU
		Release|Any CPU = Release|Any CPU
	EndGlobalSection
	GlobalSection(ProjectConfigurationPlatforms) = postSolution
		{A71DBF16-8098-458B-A47C-865CD2507AC5}.Debug|Any CPU.ActiveCfg = Debug|Any CPU
		{A71DBF16-8098-458B-A47C-865CD2507AC5}.Debug|Any CPU.Build.0 = Debug|Any CPU
		{A71DBF16-8098-458B-A47C-865CD2507AC5}.Release|Any CPU.ActiveCfg = Release|Any CPU
		{A71DBF16-8098-458B-A47C-865CD2507AC5}.Release|Any CPU.Build.0 = Release|Any CPU
	EndGlobalSection
	GlobalSection(SolutionProperties) = preSolution
		HideSolutionNode = FALSE
	EndGlobalSection
	GlobalSection(ExtensibilityGlobals) = postSolution
		SolutionGuid = {CFACA6A1-5B61-480B-B2A9-120ACD985714}
	EndGlobalSection
EndGlobal
